// !$*UTF8*$!
{
	archiveVersion = 1;
	classes = {
	};
	objectVersion = 46;
	objects = {

/* Begin PBXBuildFile section */
		6DEBF8B21E63880700799C26 /* AppDelegate.swift in Sources */ = {isa = PBXBuildFile; fileRef = 6DEBF8B11E63880700799C26 /* AppDelegate.swift */; };
		6DEBF8B41E63880700799C26 /* ViewController.swift in Sources */ = {isa = PBXBuildFile; fileRef = 6DEBF8B31E63880700799C26 /* ViewController.swift */; };
		6DEBF8B71E63880700799C26 /* Main.storyboard in Resources */ = {isa = PBXBuildFile; fileRef = 6DEBF8B51E63880700799C26 /* Main.storyboard */; };
		6DEBF8B91E63880700799C26 /* Assets.xcassets in Resources */ = {isa = PBXBuildFile; fileRef = 6DEBF8B81E63880700799C26 /* Assets.xcassets */; };
		6DEBF8BC1E63880700799C26 /* LaunchScreen.storyboard in Resources */ = {isa = PBXBuildFile; fileRef = 6DEBF8BA1E63880700799C26 /* LaunchScreen.storyboard */; };
		6DEBF8C71E63880700799C26 /* HamburguesasEnElMundoIHPTests.swift in Sources */ = {isa = PBXBuildFile; fileRef = 6DEBF8C61E63880700799C26 /* HamburguesasEnElMundoIHPTests.swift */; };
		6DEBF8D21E63880800799C26 /* HamburguesasEnElMundoIHPUITests.swift in Sources */ = {isa = PBXBuildFile; fileRef = 6DEBF8D11E63880800799C26 /* HamburguesasEnElMundoIHPUITests.swift */; };
		6DEBF8E01E6392E400799C26 /* Datos.swift in Sources */ = {isa = PBXBuildFile; fileRef = 6DEBF8DF1E6392E300799C26 /* Datos.swift */; };
/* End PBXBuildFile section */

/* Begin PBXContainerItemProxy section */
		6DEBF8C31E63880700799C26 /* PBXContainerItemProxy */ = {
			isa = PBXContainerItemProxy;
			containerPortal = 6DEBF8A61E63880700799C26 /* Project object */;
			proxyType = 1;
			remoteGlobalIDString = 6DEBF8AD1E63880700799C26;
			remoteInfo = HamburguesasEnElMundoIHP;
		};
		6DEBF8CE1E63880800799C26 /* PBXContainerItemProxy */ = {
			isa = PBXContainerItemProxy;
			containerPortal = 6DEBF8A61E63880700799C26 /* Project object */;
			proxyType = 1;
			remoteGlobalIDString = 6DEBF8AD1E63880700799C26;
			remoteInfo = HamburguesasEnElMundoIHP;
		};
/* End PBXContainerItemProxy section */

/* Begin PBXFileReference section */
		6DEBF8AE1E63880700799C26 /* HamburguesasEnElMundoIHP.app */ = {isa = PBXFileReference; explicitFileType = wrapper.application; includeInIndex = 0; path = HamburguesasEnElMundoIHP.app; sourceTree = BUILT_PRODUCTS_DIR; };
		6DEBF8B11E63880700799C26 /* AppDelegate.swift */ = {isa = PBXFileReference; lastKnownFileType = sourcecode.swift; path = AppDelegate.swift; sourceTree = "<group>"; };
		6DEBF8B31E63880700799C26 /* ViewController.swift */ = {isa = PBXFileReference; lastKnownFileType = sourcecode.swift; path = ViewController.swift; sourceTree = "<group>"; };
		6DEBF8B61E63880700799C26 /* Base */ = {isa = PBXFileReference; lastKnownFileType = file.storyboard; name = Base; path = Base.lproj/Main.storyboard; sourceTree = "<group>"; };
		6DEBF8B81E63880700799C26 /* Assets.xcassets */ = {isa = PBXFileReference; lastKnownFileType = folder.assetcatalog; path = Assets.xcassets; sourceTree = "<group>"; };
		6DEBF8BB1E63880700799C26 /* Base */ = {isa = PBXFileReference; lastKnownFileType = file.storyboard; name = Base; path = Base.lproj/LaunchScreen.storyboard; sourceTree = "<group>"; };
		6DEBF8BD1E63880700799C26 /* Info.plist */ = {isa = PBXFileReference; lastKnownFileType = text.plist.xml; path = Info.plist; sourceTree = "<group>"; };
		6DEBF8C21E63880700799C26 /* HamburguesasEnElMundoIHPTests.xctest */ = {isa = PBXFileReference; explicitFileType = wrapper.cfbundle; includeInIndex = 0; path = HamburguesasEnElMundoIHPTests.xctest; sourceTree = BUILT_PRODUCTS_DIR; };
		6DEBF8C61E63880700799C26 /* HamburguesasEnElMundoIHPTests.swift */ = {isa = PBXFileReference; lastKnownFileType = sourcecode.swift; path = HamburguesasEnElMundoIHPTests.swift; sourceTree = "<group>"; };
		6DEBF8C81E63880700799C26 /* Info.plist */ = {isa = PBXFileReference; lastKnownFileType = text.plist.xml; path = Info.plist; sourceTree = "<group>"; };
		6DEBF8CD1E63880800799C26 /* HamburguesasEnElMundoIHPUITests.xctest */ = {isa = PBXFileReference; explicitFileType = wrapper.cfbundle; includeInIndex = 0; path = HamburguesasEnElMundoIHPUITests.xctest; sourceTree = BUILT_PRODUCTS_DIR; };
		6DEBF8D11E63880800799C26 /* HamburguesasEnElMundoIHPUITests.swift */ = {isa = PBXFileReference; lastKnownFileType = sourcecode.swift; path = HamburguesasEnElMundoIHPUITests.swift; sourceTree = "<group>"; };
		6DEBF8D31E63880800799C26 /* Info.plist */ = {isa = PBXFileReference; lastKnownFileType = text.plist.xml; path = Info.plist; sourceTree = "<group>"; };
		6DEBF8DF1E6392E300799C26 /* Datos.swift */ = {isa = PBXFileReference; fileEncoding = 4; lastKnownFileType = sourcecode.swift; path = Datos.swift; sourceTree = "<group>"; };
/* End PBXFileReference section */

/* Begin PBXFrameworksBuildPhase section */
		6DEBF8AB1E63880700799C26 /* Frameworks */ = {
			isa = PBXFrameworksBuildPhase;
			buildActionMask = 2147483647;
			files = (
			);
			runOnlyForDeploymentPostprocessing = 0;
		};
		6DEBF8BF1E63880700799C26 /* Frameworks */ = {
			isa = PBXFrameworksBuildPhase;
			buildActionMask = 2147483647;
			files = (
			);
			runOnlyForDeploymentPostprocessing = 0;
		};
		6DEBF8CA1E63880800799C26 /* Frameworks */ = {
			isa = PBXFrameworksBuildPhase;
			buildActionMask = 2147483647;
			files = (
			);
			runOnlyForDeploymentPostprocessing = 0;
		};
/* End PBXFrameworksBuildPhase section */

/* Begin PBXGroup section */
		6DEBF8A51E63880700799C26 = {
			isa = PBXGroup;
			children = (
				6DEBF8B01E63880700799C26 /* HamburguesasEnElMundoIHP */,
				6DEBF8C51E63880700799C26 /* HamburguesasEnElMundoIHPTests */,
				6DEBF8D01E63880800799C26 /* HamburguesasEnElMundoIHPUITests */,
				6DEBF8AF1E63880700799C26 /* Products */,
			);
			sourceTree = "<group>";
		};
		6DEBF8AF1E63880700799C26 /* Products */ = {
			isa = PBXGroup;
			children = (
				6DEBF8AE1E63880700799C26 /* HamburguesasEnElMundoIHP.app */,
				6DEBF8C21E63880700799C26 /* HamburguesasEnElMundoIHPTests.xctest */,
				6DEBF8CD1E63880800799C26 /* HamburguesasEnElMundoIHPUITests.xctest */,
			);
			name = Products;
			sourceTree = "<group>";
		};
		6DEBF8B01E63880700799C26 /* HamburguesasEnElMundoIHP */ = {
			isa = PBXGroup;
			children = (
				6DEBF8B11E63880700799C26 /* AppDelegate.swift */,
				6DEBF8B31E63880700799C26 /* ViewController.swift */,
				6DEBF8B51E63880700799C26 /* Main.storyboard */,
				6DEBF8B81E63880700799C26 /* Assets.xcassets */,
				6DEBF8BA1E63880700799C26 /* LaunchScreen.storyboard */,
				6DEBF8BD1E63880700799C26 /* Info.plist */,
				6DEBF8DF1E6392E300799C26 /* Datos.swift */,
			);
			path = HamburguesasEnElMundoIHP;
			sourceTree = "<group>";
		};
		6DEBF8C51E63880700799C26 /* HamburguesasEnElMundoIHPTests */ = {
			isa = PBXGroup;
			children = (
				6DEBF8C61E63880700799C26 /* HamburguesasEnElMundoIHPTests.swift */,
				6DEBF8C81E63880700799C26 /* Info.plist */,
			);
			path = HamburguesasEnElMundoIHPTests;
			sourceTree = "<group>";
		};
		6DEBF8D01E63880800799C26 /* HamburguesasEnElMundoIHPUITests */ = {
			isa = PBXGroup;
			children = (
				6DEBF8D11E63880800799C26 /* HamburguesasEnElMundoIHPUITests.swift */,
				6DEBF8D31E63880800799C26 /* Info.plist */,
			);
			path = HamburguesasEnElMundoIHPUITests;
			sourceTree = "<group>";
		};
/* End PBXGroup section */

/* Begin PBXNativeTarget section */
		6DEBF8AD1E63880700799C26 /* HamburguesasEnElMundoIHP */ = {
			isa = PBXNativeTarget;
			buildConfigurationList = 6DEBF8D61E63880800799C26 /* Build configuration list for PBXNativeTarget "HamburguesasEnElMundoIHP" */;
			buildPhases = (
				6DEBF8AA1E63880700799C26 /* Sources */,
				6DEBF8AB1E63880700799C26 /* Frameworks */,
				6DEBF8AC1E63880700799C26 /* Resources */,
			);
			buildRules = (
			);
			dependencies = (
			);
			name = HamburguesasEnElMundoIHP;
			productName = HamburguesasEnElMundoIHP;
			productReference = 6DEBF8AE1E63880700799C26 /* HamburguesasEnElMundoIHP.app */;
			productType = "com.apple.product-type.application";
		};
		6DEBF8C11E63880700799C26 /* HamburguesasEnElMundoIHPTests */ = {
			isa = PBXNativeTarget;
			buildConfigurationList = 6DEBF8D91E63880800799C26 /* Build configuration list for PBXNativeTarget "HamburguesasEnElMundoIHPTests" */;
			buildPhases = (
				6DEBF8BE1E63880700799C26 /* Sources */,
				6DEBF8BF1E63880700799C26 /* Frameworks */,
				6DEBF8C01E63880700799C26 /* Resources */,
			);
			buildRules = (
			);
			dependencies = (
				6DEBF8C41E63880700799C26 /* PBXTargetDependency */,
			);
			name = HamburguesasEnElMundoIHPTests;
			productName = HamburguesasEnElMundoIHPTests;
			productReference = 6DEBF8C21E63880700799C26 /* HamburguesasEnElMundoIHPTests.xctest */;
			productType = "com.apple.product-type.bundle.unit-test";
		};
		6DEBF8CC1E63880800799C26 /* HamburguesasEnElMundoIHPUITests */ = {
			isa = PBXNativeTarget;
			buildConfigurationList = 6DEBF8DC1E63880800799C26 /* Build configuration list for PBXNativeTarget "HamburguesasEnElMundoIHPUITests" */;
			buildPhases = (
				6DEBF8C91E63880800799C26 /* Sources */,
				6DEBF8CA1E63880800799C26 /* Frameworks */,
				6DEBF8CB1E63880800799C26 /* Resources */,
			);
			buildRules = (
			);
			dependencies = (
				6DEBF8CF1E63880800799C26 /* PBXTargetDependency */,
			);
			name = HamburguesasEnElMundoIHPUITests;
			productName = HamburguesasEnElMundoIHPUITests;
			productReference = 6DEBF8CD1E63880800799C26 /* HamburguesasEnElMundoIHPUITests.xctest */;
			productType = "com.apple.product-type.bundle.ui-testing";
		};
/* End PBXNativeTarget section */

/* Begin PBXProject section */
		6DEBF8A61E63880700799C26 /* Project object */ = {
			isa = PBXProject;
			attributes = {
				LastSwiftUpdateCheck = 0820;
				LastUpgradeCheck = 0820;
				ORGANIZATIONNAME = "Iris Hernandez Perez";
				TargetAttributes = {
					6DEBF8AD1E63880700799C26 = {
						CreatedOnToolsVersion = 8.2.1;
						ProvisioningStyle = Automatic;
					};
					6DEBF8C11E63880700799C26 = {
						CreatedOnToolsVersion = 8.2.1;
						ProvisioningStyle = Automatic;
						TestTargetID = 6DEBF8AD1E63880700799C26;
					};
					6DEBF8CC1E63880800799C26 = {
						CreatedOnToolsVersion = 8.2.1;
						ProvisioningStyle = Automatic;
						TestTargetID = 6DEBF8AD1E63880700799C26;
					};
				};
			};
			buildConfigurationList = 6DEBF8A91E63880700799C26 /* Build configuration list for PBXProject "HamburguesasEnElMundoIHP" */;
			compatibilityVersion = "Xcode 3.2";
			developmentRegion = English;
			hasScannedForEncodings = 0;
			knownRegions = (
				en,
				Base,
			);
			mainGroup = 6DEBF8A51E63880700799C26;
			productRefGroup = 6DEBF8AF1E63880700799C26 /* Products */;
			projectDirPath = "";
			projectRoot = "";
			targets = (
				6DEBF8AD1E63880700799C26 /* HamburguesasEnElMundoIHP */,
				6DEBF8C11E63880700799C26 /* HamburguesasEnElMundoIHPTests */,
				6DEBF8CC1E63880800799C26 /* HamburguesasEnElMundoIHPUITests */,
			);
		};
/* End PBXProject section */

/* Begin PBXResourcesBuildPhase section */
		6DEBF8AC1E63880700799C26 /* Resources */ = {
			isa = PBXResourcesBuildPhase;
			buildActionMask = 2147483647;
			files = (
				6DEBF8BC1E63880700799C26 /* LaunchScreen.storyboard in Resources */,
				6DEBF8B91E63880700799C26 /* Assets.xcassets in Resources */,
				6DEBF8B71E63880700799C26 /* Main.storyboard in Resources */,
			);
			runOnlyForDeploymentPostprocessing = 0;
		};
		6DEBF8C01E63880700799C26 /* Resources */ = {
			isa = PBXResourcesBuildPhase;
			buildActionMask = 2147483647;
			files = (
			);
			runOnlyForDeploymentPostprocessing = 0;
		};
		6DEBF8CB1E63880800799C26 /* Resources */ = {
			isa = PBXResourcesBuildPhase;
			buildActionMask = 2147483647;
			files = (
			);
			runOnlyForDeploymentPostprocessing = 0;
		};
/* End PBXResourcesBuildPhase section */

/* Begin PBXSourcesBuildPhase section */
		6DEBF8AA1E63880700799C26 /* Sources */ = {
			isa = PBXSourcesBuildPhase;
			buildActionMask = 2147483647;
			files = (
				6DEBF8B41E63880700799C26 /* ViewController.swift in Sources */,
				6DEBF8B21E63880700799C26 /* AppDelegate.swift in Sources */,
				6DEBF8E01E6392E400799C26 /* Datos.swift in Sources */,
			);
			runOnlyForDeploymentPostprocessing = 0;
		};
		6DEBF8BE1E63880700799C26 /* Sources */ = {
			isa = PBXSourcesBuildPhase;
			buildActionMask = 2147483647;
			files = (
				6DEBF8C71E63880700799C26 /* HamburguesasEnElMundoIHPTests.swift in Sources */,
			);
			runOnlyForDeploymentPostprocessing = 0;
		};
		6DEBF8C91E63880800799C26 /* Sources */ = {
			isa = PBXSourcesBuildPhase;
			buildActionMask = 2147483647;
			files = (
				6DEBF8D21E63880800799C26 /* HamburguesasEnElMundoIHPUITests.swift in Sources */,
			);
			runOnlyForDeploymentPostprocessing = 0;
		};
/* End PBXSourcesBuildPhase section */

/* Begin PBXTargetDependency section */
		6DEBF8C41E63880700799C26 /* PBXTargetDependency */ = {
			isa = PBXTargetDependency;
			target = 6DEBF8AD1E63880700799C26 /* HamburguesasEnElMundoIHP */;
			targetProxy = 6DEBF8C31E63880700799C26 /* PBXContainerItemProxy */;
		};
		6DEBF8CF1E63880800799C26 /* PBXTargetDependency */ = {
			isa = PBXTargetDependency;
			target = 6DEBF8AD1E63880700799C26 /* HamburguesasEnElMundoIHP */;
			targetProxy = 6DEBF8CE1E63880800799C26 /* PBXContainerItemProxy */;
		};
/* End PBXTargetDependency section */

/* Begin PBXVariantGroup section */
		6DEBF8B51E63880700799C26 /* Main.storyboard */ = {
			isa = PBXVariantGroup;
			children = (
				6DEBF8B61E63880700799C26 /* Base */,
			);
			name = Main.storyboard;
			sourceTree = "<group>";
		};
		6DEBF8BA1E63880700799C26 /* LaunchScreen.storyboard */ = {
			isa = PBXVariantGroup;
			children = (
				6DEBF8BB1E63880700799C26 /* Base */,
			);
			name = LaunchScreen.storyboard;
			sourceTree = "<group>";
		};
/* End PBXVariantGroup section */

/* Begin XCBuildConfiguration section */
		6DEBF8D41E63880800799C26 /* Debug */ = {
			isa = XCBuildConfiguration;
			buildSettings = {
				ALWAYS_SEARCH_USER_PATHS = NO;
				CLANG_ANALYZER_NONNULL = YES;
				CLANG_CXX_LANGUAGE_STANDARD = "gnu++0x";
				CLANG_CXX_LIBRARY = "libc++";
				CLANG_ENABLE_MODULES = YES;
				CLANG_ENABLE_OBJC_ARC = YES;
				CLANG_WARN_BOOL_CONVERSION = YES;
				CLANG_WARN_CONSTANT_CONVERSION = YES;
				CLANG_WARN_DIRECT_OBJC_ISA_USAGE = YES_ERROR;
				CLANG_WARN_DOCUMENTATION_COMMENTS = YES;
				CLANG_WARN_EMPTY_BODY = YES;
				CLANG_WARN_ENUM_CONVERSION = YES;
				CLANG_WARN_INFINITE_RECURSION = YES;
				CLANG_WARN_INT_CONVERSION = YES;
				CLANG_WARN_OBJC_ROOT_CLASS = YES_ERROR;
				CLANG_WARN_SUSPICIOUS_MOVE = YES;
				CLANG_WARN_UNREACHABLE_CODE = YES;
				CLANG_WARN__DUPLICATE_METHOD_MATCH = YES;
				"CODE_SIGN_IDENTITY[sdk=iphoneos*]" = "iPhone Developer";
				COPY_PHASE_STRIP = NO;
				DEBUG_INFORMATION_FORMAT = dwarf;
				ENABLE_STRICT_OBJC_MSGSEND = YES;
				ENABLE_TESTABILITY = YES;
				GCC_C_LANGUAGE_STANDARD = gnu99;
				GCC_DYNAMIC_NO_PIC = NO;
				GCC_NO_COMMON_BLOCKS = YES;
				GCC_OPTIMIZATION_LEVEL = 0;
				GCC_PREPROCESSOR_DEFINITIONS = (
					"DEBUG=1",
					"$(inherited)",
				);
				GCC_WARN_64_TO_32_BIT_CONVERSION = YES;
				GCC_WARN_ABOUT_RETURN_TYPE = YES_ERROR;
				GCC_WARN_UNDECLARED_SELECTOR = YES;
				GCC_WARN_UNINITIALIZED_AUTOS = YES_AGGRESSIVE;
				GCC_WARN_UNUSED_FUNCTION = YES;
				GCC_WARN_UNUSED_VARIABLE = YES;
				IPHONEOS_DEPLOYMENT_TARGET = 10.2;
				MTL_ENABLE_DEBUG_INFO = YES;
				ONLY_ACTIVE_ARCH = YES;
				SDKROOT = iphoneos;
				SWIFT_ACTIVE_COMPILATION_CONDITIONS = DEBUG;
				SWIFT_OPTIMIZATION_LEVEL = "-Onone";
			};
			name = Debug;
		};
		6DEBF8D51E63880800799C26 /* Release */ = {
			isa = XCBuildConfiguration;
			buildSettings = {
				ALWAYS_SEARCH_USER_PATHS = NO;
				CLANG_ANALYZER_NONNULL = YES;
				CLANG_CXX_LANGUAGE_STANDARD = "gnu++0x";
				CLANG_CXX_LIBRARY = "libc++";
				CLANG_ENABLE_MODULES = YES;
				CLANG_ENABLE_OBJC_ARC = YES;
				CLANG_WARN_BOOL_CONVERSION = YES;
				CLANG_WARN_CONSTANT_CONVERSION = YES;
				CLANG_WARN_DIRECT_OBJC_ISA_USAGE = YES_ERROR;
				CLANG_WARN_DOCUMENTATION_COMMENTS = YES;
				CLANG_WARN_EMPTY_BODY = YES;
				CLANG_WARN_ENUM_CONVERSION = YES;
				CLANG_WARN_INFINITE_RECURSION = YES;
				CLANG_WARN_INT_CONVERSION = YES;
				CLANG_WARN_OBJC_ROOT_CLASS = YES_ERROR;
				CLANG_WARN_SUSPICIOUS_MOVE = YES;
				CLANG_WARN_UNREACHABLE_CODE = YES;
				CLANG_WARN__DUPLICATE_METHOD_MATCH = YES;
				"CODE_SIGN_IDENTITY[sdk=iphoneos*]" = "iPhone Developer";
				COPY_PHASE_STRIP = NO;
				DEBUG_INFORMATION_FORMAT = "dwarf-with-dsym";
				ENABLE_NS_ASSERTIONS = NO;
				ENABLE_STRICT_OBJC_MSGSEND = YES;
				GCC_C_LANGUAGE_STANDARD = gnu99;
				GCC_NO_COMMON_BLOCKS = YES;
				GCC_WARN_64_TO_32_BIT_CONVERSION = YES;
				GCC_WARN_ABOUT_RETURN_TYPE = YES_ERROR;
				GCC_WARN_UNDECLARED_SELECTOR = YES;
				GCC_WARN_UNINITIALIZED_AUTOS = YES_AGGRESSIVE;
				GCC_WARN_UNUSED_FUNCTION = YES;
				GCC_WARN_UNUSED_VARIABLE = YES;
				IPHONEOS_DEPLOYMENT_TARGET = 10.2;
				MTL_ENABLE_DEBUG_INFO = NO;
				SDKROOT = iphoneos;
				SWIFT_OPTIMIZATION_LEVEL = "-Owholemodule";
				VALIDATE_PRODUCT = YES;
			};
			name = Release;
		};
		6DEBF8D71E63880800799C26 /* Debug */ = {
			isa = XCBuildConfiguration;
			buildSettings = {
				ASSETCATALOG_COMPILER_APPICON_NAME = AppIcon;
				INFOPLIST_FILE = HamburguesasEnElMundoIHP/Info.plist;
				LD_RUNPATH_SEARCH_PATHS = "$(inherited) @executable_path/Frameworks";
				PRODUCT_BUNDLE_IDENTIFIER = IHP.HamburguesasEnElMundoIHP;
				PRODUCT_NAME = "$(TARGET_NAME)";
				SWIFT_VERSION = 3.0;
				TARGETED_DEVICE_FAMILY = 1;
			};
			name = Debug;
		};
		6DEBF8D81E63880800799C26 /* Release */ = {
			isa = XCBuildConfiguration;
			buildSettings = {
				ASSETCATALOG_COMPILER_APPICON_NAME = AppIcon;
				INFOPLIST_FILE = HamburguesasEnElMundoIHP/Info.plist;
				LD_RUNPATH_SEARCH_PATHS = "$(inherited) @executable_path/Frameworks";
				PRODUCT_BUNDLE_IDENTIFIER = IHP.HamburguesasEnElMundoIHP;
				PRODUCT_NAME = "$(TARGET_NAME)";
				SWIFT_VERSION = 3.0;
				TARGETED_DEVICE_FAMILY = 1;
			};
			name = Release;
		};
		6DEBF8DA1E63880800799C26 /* Debug */ = {
			isa = XCBuildConfiguration;
			buildSettings = {
				ALWAYS_EMBED_SWIFT_STANDARD_LIBRARIES = YES;
				BUNDLE_LOADER = "$(TEST_HOST)";
				INFOPLIST_FILE = HamburguesasEnElMundoIHPTests/Info.plist;
				LD_RUNPATH_SEARCH_PATHS = "$(inherited) @executable_path/Frameworks @loader_path/Frameworks";
				PRODUCT_BUNDLE_IDENTIFIER = IHP.HamburguesasEnElMundoIHPTests;
				PRODUCT_NAME = "$(TARGET_NAME)";
				SWIFT_VERSION = 3.0;
				TEST_HOST = "$(BUILT_PRODUCTS_DIR)/HamburguesasEnElMundoIHP.app/HamburguesasEnElMundoIHP";
			};
			name = Debug;
		};
		6DEBF8DB1E63880800799C26 /* Release */ = {
			isa = XCBuildConfiguration;
			buildSettings = {
				ALWAYS_EMBED_SWIFT_STANDARD_LIBRARIES = YES;
				BUNDLE_LOADER = "$(TEST_HOST)";
				INFOPLIST_FILE = HamburguesasEnElMundoIHPTests/Info.plist;
				LD_RUNPATH_SEARCH_PATHS = "$(inherited) @executable_path/Frameworks @loader_path/Frameworks";
				PRODUCT_BUNDLE_IDENTIFIER = IHP.HamburguesasEnElMundoIHPTests;
				PRODUCT_NAME = "$(TARGET_NAME)";
				SWIFT_VERSION = 3.0;
				TEST_HOST = "$(BUILT_PRODUCTS_DIR)/HamburguesasEnElMundoIHP.app/HamburguesasEnElMundoIHP";
			};
			name = Release;
		};
		6DEBF8DD1E63880800799C26 /* Debug */ = {
			isa = XCBuildConfiguration;
			buildSettings = {
				ALWAYS_EMBED_SWIFT_STANDARD_LIBRARIES = YES;
				INFOPLIST_FILE = HamburguesasEnElMundoIHPUITests/Info.plist;
				LD_RUNPATH_SEARCH_PATHS = "$(inherited) @executable_path/Frameworks @loader_path/Frameworks";
				PRODUCT_BUNDLE_IDENTIFIER = IHP.HamburguesasEnElMundoIHPUITests;
				PRODUCT_NAME = "$(TARGET_NAME)";
				SWIFT_VERSION = 3.0;
				TEST_TARGET_NAME = HamburguesasEnElMundoIHP;
			};
			name = Debug;
		};
		6DEBF8DE1E63880800799C26 /* Release */ = {
			isa = XCBuildConfiguration;
			buildSettings = {
				ALWAYS_EMBED_SWIFT_STANDARD_LIBRARIES = YES;
				INFOPLIST_FILE = HamburguesasEnElMundoIHPUITests/Info.plist;
				LD_RUNPATH_SEARCH_PATHS = "$(inherited) @executable_path/Frameworks @loader_path/Frameworks";
				PRODUCT_BUNDLE_IDENTIFIER = IHP.HamburguesasEnElMundoIHPUITests;
				PRODUCT_NAME = "$(TARGET_NAME)";
				SWIFT_VERSION = 3.0;
				TEST_TARGET_NAME = HamburguesasEnElMundoIHP;
			};
			name = Release;
		};
/* End XCBuildConfiguration section */

/* Begin XCConfigurationList section */
		6DEBF8A91E63880700799C26 /* Build configuration list for PBXProject "HamburguesasEnElMundoIHP" */ = {
			isa = XCConfigurationList;
			buildConfigurations = (
				6DEBF8D41E63880800799C26 /* Debug */,
				6DEBF8D51E63880800799C26 /* Release */,
			);
			defaultConfigurationIsVisible = 0;
			defaultConfigurationName = Release;
		};
		6DEBF8D61E63880800799C26 /* Build configuration list for PBXNativeTarget "HamburguesasEnElMundoIHP" */ = {
			isa = XCConfigurationList;
			buildConfigurations = (
				6DEBF8D71E63880800799C26 /* Debug */,
				6DEBF8D81E63880800799C26 /* Release */,
			);
			defaultConfigurationIsVisible = 0;
		};
		6DEBF8D91E63880800799C26 /* Build configuration list for PBXNativeTarget "HamburguesasEnElMundoIHPTests" */ = {
			isa = XCConfigurationList;
			buildConfigurations = (
				6DEBF8DA1E63880800799C26 /* Debug */,
				6DEBF8DB1E63880800799C26 /* Release */,
			);
			defaultConfigurationIsVisible = 0;
		};
		6DEBF8DC1E63880800799C26 /* Build configuration list for PBXNativeTarget "HamburguesasEnElMundoIHPUITests" */ = {
			isa = XCConfigurationList;
			buildConfigurations = (
				6DEBF8DD1E63880800799C26 /* Debug */,
				6DEBF8DE1E63880800799C26 /* Release */,
			);
			defaultConfigurationIsVisible = 0;
		};
/* End XCConfigurationList section */
	};
	rootObject = 6DEBF8A61E63880700799C26 /* Project object */;
}
